
Microsoft Visual Studio Solution File, Format Version 12.00
# Visual Studio Version 17
VisualStudioVersion = 17.14.36408.4 d17.14
MinimumVisualStudioVersion = 10.0.40219.1
Project("{FAE04EC0-301F-11D3-BF4B-00C04F79EFBC}") = "EvoluaPonto.Api", "EvoluaPonto.Api\EvoluaPonto.Api.csproj", "{BD5B536A-3AED-4042-8C6A-C26C4A74F575}"
EndProject
Global
	GlobalSection(SolutionConfigurationPlatforms) = preSolution
		Debug|Any CPU = Debug|Any CPU
		Release|Any CPU = Release|Any CPU
	EndGlobalSection
	GlobalSection(ProjectConfigurationPlatforms) = postSolution
		{BD5B536A-3AED-4042-8C6A-C26C4A74F575}.Debug|Any CPU.ActiveCfg = Debug|Any CPU
		{BD5B536A-3AED-4042-8C6A-C26C4A74F575}.Debug|Any CPU.Build.0 = Debug|Any CPU
		{BD5B536A-3AED-4042-8C6A-C26C4A74F575}.Release|Any CPU.ActiveCfg = Release|Any CPU
		{BD5B536A-3AED-4042-8C6A-C26C4A74F575}.Release|Any CPU.Build.0 = Release|Any CPU
	EndGlobalSection
	GlobalSection(SolutionProperties) = preSolution
		HideSolutionNode = FALSE
	EndGlobalSection
	GlobalSection(ExtensibilityGlobals) = postSolution
		SolutionGuid = {54934A6D-664F-40F5-90AC-1E9281B1654E}
	EndGlobalSection
EndGlobal
